dependencies:
- name: memcached
  repository: https://charts.bitnami.com/bitnami
  version: 6.1.4
- name: memcached
  repository: https://charts.bitnami.com/bitnami
  version: 6.1.4
- name: memcached
  repository: https://charts.bitnami.com/bitnami
  version: 6.1.4
- name: memcached
  repository: https://charts.bitnami.com/bitnami
  version: 6.1.4
- name: memcached
  repository: https://charts.bitnami.com/bitnami
  version: 6.1.4
- name: memcached
  repository: https://charts.bitnami.com/bitnami
  version: 6.1.4
- name: memcached
  repository: https://charts.bitnami.com/bitnami
  version: 6.1.4
digest: sha256:a22bf3f954bd1a9793f38d7bf059bef62c8646c5668a09b38b7cd965074aa450
generated: "2022-06-10T15:58:23.75906253Z"
